
Microsoft Visual Studio Solution File, Format Version 12.00
# Visual Studio Version 17
VisualStudioVersion = 17.10.35122.118
MinimumVisualStudioVersion = 10.0.40219.1
Project("{9A19103F-16F7-4668-BE54-9A1E7A4F7556}") = "WoWCollectionTrackerAPI", "..\WoWCollectionTrackerAPI\WoWCollectionTrackerAPI.csproj", "{FD7208AF-2F73-495D-BDB3-E5039694D1C5}"
EndProject
Project("{9A19103F-16F7-4668-BE54-9A1E7A4F7556}") = "WoWCollectionTracker.BlazorWASM", "WoWCollectionTracker.BlazorWASM\WoWCollectionTracker.BlazorWASM.csproj", "{1D8FC01B-3927-4721-B398-53E1F636D1E0}"
EndProject
Project("{9A19103F-16F7-4668-BE54-9A1E7A4F7556}") = "SharedModels", "SharedModels\SharedModels.csproj", "{0C6999E9-3081-4F82-A049-016846981442}"
EndProject
Global
	GlobalSection(SolutionConfigurationPlatforms) = preSolution
		Debug|Any CPU = Debug|Any CPU
		Release|Any CPU = Release|Any CPU
	EndGlobalSection
	GlobalSection(ProjectConfigurationPlatforms) = postSolution
		{FD7208AF-2F73-495D-BDB3-E5039694D1C5}.Debug|Any CPU.ActiveCfg = Debug|Any CPU
		{FD7208AF-2F73-495D-BDB3-E5039694D1C5}.Debug|Any CPU.Build.0 = Debug|Any CPU
		{FD7208AF-2F73-495D-BDB3-E5039694D1C5}.Release|Any CPU.ActiveCfg = Release|Any CPU
		{FD7208AF-2F73-495D-BDB3-E5039694D1C5}.Release|Any CPU.Build.0 = Release|Any CPU
		{1D8FC01B-3927-4721-B398-53E1F636D1E0}.Debug|Any CPU.ActiveCfg = Debug|Any CPU
		{1D8FC01B-3927-4721-B398-53E1F636D1E0}.Debug|Any CPU.Build.0 = Debug|Any CPU
		{1D8FC01B-3927-4721-B398-53E1F636D1E0}.Release|Any CPU.ActiveCfg = Release|Any CPU
		{1D8FC01B-3927-4721-B398-53E1F636D1E0}.Release|Any CPU.Build.0 = Release|Any CPU
		{0C6999E9-3081-4F82-A049-016846981442}.Debug|Any CPU.ActiveCfg = Debug|Any CPU
		{0C6999E9-3081-4F82-A049-016846981442}.Debug|Any CPU.Build.0 = Debug|Any CPU
		{0C6999E9-3081-4F82-A049-016846981442}.Release|Any CPU.ActiveCfg = Release|Any CPU
		{0C6999E9-3081-4F82-A049-016846981442}.Release|Any CPU.Build.0 = Release|Any CPU
	EndGlobalSection
	GlobalSection(SolutionProperties) = preSolution
		HideSolutionNode = FALSE
	EndGlobalSection
	GlobalSection(ExtensibilityGlobals) = postSolution
		SolutionGuid = {0A364572-4D13-4442-BBA6-CBF8C92630A3}
	EndGlobalSection
EndGlobal
